<?xml version="1.0" encoding="utf-8"?>
<Project ToolsVersion="4.0" xmlns="http://schemas.microsoft.com/developer/msbuild/2003">
  <ItemGroup>
    <Filter Include="Source Files">
      <UniqueIdentifier>{4FC737F1-C7A5-4376-A066-2A32D752A2FF}</UniqueIdentifier>
      <Extensions>cpp;c;cc;cxx;c++;cppm;ixx;def;odl;idl;hpj;bat;asm;asmx</Extensions>
    </Filter>
    <Filter Include="Header Files">
      <UniqueIdentifier>{93995380-89BD-4b04-88EB-625FBE52EBFB}</UniqueIdentifier>
      <Extensions>h;hh;hpp;hxx;h++;hm;inl;inc;ipp;xsd</Extensions>
    </Filter>
    <Filter Include="Resource Files">
      <UniqueIdentifier>{67DA6AB6-F800-4c08-8B7A-83BB121AAD01}</UniqueIdentifier>
      <Extensions>rc;ico;cur;bmp;dlg;rc2;rct;bin;rgs;gif;jpg;jpeg;jpe;resx;tiff;tif;png;wav;mfcribbon-ms</Extensions>
    </Filter>
    <Filter Include="CAD">
      <UniqueIdentifier>{86c72c6b-a11b-475a-ae86-e1c6b1603cb1}</UniqueIdentifier>
    </Filter>
    <Filter Include="coupler">
      <UniqueIdentifier>{9cd854c3-fe8d-475e-b9da-4f9e5b342c59}</UniqueIdentifier>
    </Filter>
  </ItemGroup>
  <ItemGroup>
    <None Include=".gitignore" />
    <None Include="LICENSE" />
    <None Include="MeterInversionCalculations.ods" />
    <None Include="README.md" />
    <None Include="CAD\Readme.md">
      <Filter>CAD</Filter>
    </None>
    <None Include="coupler\back-template.pdf">
      <Filter>coupler</Filter>
    </None>
    <None Include="coupler\bottom-template.pdf">
      <Filter>coupler</Filter>
    </None>
    <None Include="coupler\Front-template.pdf">
      <Filter>coupler</Filter>
    </None>
    <None Include="coupler\ReadMe.md">
      <Filter>coupler</Filter>
    </None>
  </ItemGroup>
  <ItemGroup>
    <Image Include="BeforeTransplant.jpg">
      <Filter>Resource Files</Filter>
    </Image>
    <Image Include="coupler\T1-side.jpg">
      <Filter>coupler</Filter>
    </Image>
    <Image Include="coupler\T2-side.jpg">
      <Filter>coupler</Filter>
    </Image>
  </ItemGroup>
  <ItemGroup>
    <Text Include="boards-to-add.txt" />
  </ItemGroup>
</Project>