
Microsoft Visual Studio Solution File, Format Version 12.00
# Visual Studio Version 16
VisualStudioVersion = 16.0.33130.400
MinimumVisualStudioVersion = 10.0.40219.1
Project("{9A19103F-16F7-4668-BE54-9A1E7A4F7556}") = "MeterFaces", "MeterFaces\MeterFaces.csproj", "{0E18939B-26EC-4868-8EDE-39B357D102B1}"
EndProject
Project("{8BC9CEB8-8B4A-11D0-8D11-00A0C91BC942}") = "PowerMeter", "PowerMeter\PowerMeter.vcxproj", "{7B68014B-EEED-4A2F-B9B4-CBB46A71BDEF}"
EndProject
Project("{8BC9CEB8-8B4A-11D0-8D11-00A0C91BC942}") = "LedTest", "LedTest\LedTest.vcxproj", "{22AFDC67-B9F8-4F08-8FBF-4A83EBD302F7}"
EndProject
Project("{FAE04EC0-301F-11D3-BF4B-00C04F79EFBC}") = "NyeVikingMonitor", "NyeVikingMonitor\NyeVikingMonitor.csproj", "{9C99E660-29F0-4356-9BA0-07CD231DC6E9}"
EndProject
Project("{8BC9CEB8-8B4A-11D0-8D11-00A0C91BC942}") = "Misc", "Misc.vcxproj", "{090F719E-5230-4D16-99D6-CD7C59C74502}"
EndProject
Global
	GlobalSection(SolutionConfigurationPlatforms) = preSolution
		Debug|Any CPU = Debug|Any CPU
		Debug|x64 = Debug|x64
		Debug|x86 = Debug|x86
		Release|Any CPU = Release|Any CPU
		Release|x64 = Release|x64
		Release|x86 = Release|x86
	EndGlobalSection
	GlobalSection(ProjectConfigurationPlatforms) = postSolution
		{0E18939B-26EC-4868-8EDE-39B357D102B1}.Debug|Any CPU.ActiveCfg = Debug|Any CPU
		{0E18939B-26EC-4868-8EDE-39B357D102B1}.Debug|Any CPU.Build.0 = Debug|Any CPU
		{0E18939B-26EC-4868-8EDE-39B357D102B1}.Debug|x64.ActiveCfg = Debug|Any CPU
		{0E18939B-26EC-4868-8EDE-39B357D102B1}.Debug|x64.Build.0 = Debug|Any CPU
		{0E18939B-26EC-4868-8EDE-39B357D102B1}.Debug|x86.ActiveCfg = Debug|Any CPU
		{0E18939B-26EC-4868-8EDE-39B357D102B1}.Debug|x86.Build.0 = Debug|Any CPU
		{0E18939B-26EC-4868-8EDE-39B357D102B1}.Release|Any CPU.ActiveCfg = Release|Any CPU
		{0E18939B-26EC-4868-8EDE-39B357D102B1}.Release|Any CPU.Build.0 = Release|Any CPU
		{0E18939B-26EC-4868-8EDE-39B357D102B1}.Release|x64.ActiveCfg = Release|Any CPU
		{0E18939B-26EC-4868-8EDE-39B357D102B1}.Release|x64.Build.0 = Release|Any CPU
		{0E18939B-26EC-4868-8EDE-39B357D102B1}.Release|x86.ActiveCfg = Release|Any CPU
		{0E18939B-26EC-4868-8EDE-39B357D102B1}.Release|x86.Build.0 = Release|Any CPU
		{7B68014B-EEED-4A2F-B9B4-CBB46A71BDEF}.Debug|Any CPU.ActiveCfg = Debug|Win32
		{7B68014B-EEED-4A2F-B9B4-CBB46A71BDEF}.Debug|x64.ActiveCfg = Debug|x64
		{7B68014B-EEED-4A2F-B9B4-CBB46A71BDEF}.Debug|x64.Build.0 = Debug|x64
		{7B68014B-EEED-4A2F-B9B4-CBB46A71BDEF}.Debug|x86.ActiveCfg = Debug|Win32
		{7B68014B-EEED-4A2F-B9B4-CBB46A71BDEF}.Debug|x86.Build.0 = Debug|Win32
		{7B68014B-EEED-4A2F-B9B4-CBB46A71BDEF}.Release|Any CPU.ActiveCfg = Release|Win32
		{7B68014B-EEED-4A2F-B9B4-CBB46A71BDEF}.Release|x64.ActiveCfg = Release|x64
		{7B68014B-EEED-4A2F-B9B4-CBB46A71BDEF}.Release|x64.Build.0 = Release|x64
		{7B68014B-EEED-4A2F-B9B4-CBB46A71BDEF}.Release|x86.ActiveCfg = Release|Win32
		{7B68014B-EEED-4A2F-B9B4-CBB46A71BDEF}.Release|x86.Build.0 = Release|Win32
		{22AFDC67-B9F8-4F08-8FBF-4A83EBD302F7}.Debug|Any CPU.ActiveCfg = Debug|Win32
		{22AFDC67-B9F8-4F08-8FBF-4A83EBD302F7}.Debug|x64.ActiveCfg = Debug|x64
		{22AFDC67-B9F8-4F08-8FBF-4A83EBD302F7}.Debug|x64.Build.0 = Debug|x64
		{22AFDC67-B9F8-4F08-8FBF-4A83EBD302F7}.Debug|x86.ActiveCfg = Debug|Win32
		{22AFDC67-B9F8-4F08-8FBF-4A83EBD302F7}.Debug|x86.Build.0 = Debug|Win32
		{22AFDC67-B9F8-4F08-8FBF-4A83EBD302F7}.Release|Any CPU.ActiveCfg = Release|Win32
		{22AFDC67-B9F8-4F08-8FBF-4A83EBD302F7}.Release|x64.ActiveCfg = Release|x64
		{22AFDC67-B9F8-4F08-8FBF-4A83EBD302F7}.Release|x64.Build.0 = Release|x64
		{22AFDC67-B9F8-4F08-8FBF-4A83EBD302F7}.Release|x86.ActiveCfg = Release|Win32
		{22AFDC67-B9F8-4F08-8FBF-4A83EBD302F7}.Release|x86.Build.0 = Release|Win32
		{9C99E660-29F0-4356-9BA0-07CD231DC6E9}.Debug|Any CPU.ActiveCfg = Debug|Any CPU
		{9C99E660-29F0-4356-9BA0-07CD231DC6E9}.Debug|Any CPU.Build.0 = Debug|Any CPU
		{9C99E660-29F0-4356-9BA0-07CD231DC6E9}.Debug|x64.ActiveCfg = Debug|Any CPU
		{9C99E660-29F0-4356-9BA0-07CD231DC6E9}.Debug|x64.Build.0 = Debug|Any CPU
		{9C99E660-29F0-4356-9BA0-07CD231DC6E9}.Debug|x86.ActiveCfg = Debug|Any CPU
		{9C99E660-29F0-4356-9BA0-07CD231DC6E9}.Debug|x86.Build.0 = Debug|Any CPU
		{9C99E660-29F0-4356-9BA0-07CD231DC6E9}.Release|Any CPU.ActiveCfg = Release|Any CPU
		{9C99E660-29F0-4356-9BA0-07CD231DC6E9}.Release|Any CPU.Build.0 = Release|Any CPU
		{9C99E660-29F0-4356-9BA0-07CD231DC6E9}.Release|x64.ActiveCfg = Release|Any CPU
		{9C99E660-29F0-4356-9BA0-07CD231DC6E9}.Release|x64.Build.0 = Release|Any CPU
		{9C99E660-29F0-4356-9BA0-07CD231DC6E9}.Release|x86.ActiveCfg = Release|Any CPU
		{9C99E660-29F0-4356-9BA0-07CD231DC6E9}.Release|x86.Build.0 = Release|Any CPU
		{090F719E-5230-4D16-99D6-CD7C59C74502}.Debug|Any CPU.ActiveCfg = Debug|Win32
		{090F719E-5230-4D16-99D6-CD7C59C74502}.Debug|x64.ActiveCfg = Debug|x64
		{090F719E-5230-4D16-99D6-CD7C59C74502}.Debug|x64.Build.0 = Debug|x64
		{090F719E-5230-4D16-99D6-CD7C59C74502}.Debug|x86.ActiveCfg = Debug|Win32
		{090F719E-5230-4D16-99D6-CD7C59C74502}.Debug|x86.Build.0 = Debug|Win32
		{090F719E-5230-4D16-99D6-CD7C59C74502}.Release|Any CPU.ActiveCfg = Release|Win32
		{090F719E-5230-4D16-99D6-CD7C59C74502}.Release|x64.ActiveCfg = Release|x64
		{090F719E-5230-4D16-99D6-CD7C59C74502}.Release|x64.Build.0 = Release|x64
		{090F719E-5230-4D16-99D6-CD7C59C74502}.Release|x86.ActiveCfg = Release|Win32
		{090F719E-5230-4D16-99D6-CD7C59C74502}.Release|x86.Build.0 = Release|Win32
	EndGlobalSection
	GlobalSection(SolutionProperties) = preSolution
		HideSolutionNode = FALSE
	EndGlobalSection
	GlobalSection(ExtensibilityGlobals) = postSolution
		SolutionGuid = {0BF9DAFF-E879-4871-8FD1-8503CC8985FA}
	EndGlobalSection
EndGlobal
