
Microsoft Visual Studio Solution File, Format Version 12.00
# Visual Studio Version 16
VisualStudioVersion = 16.0.30907.101
MinimumVisualStudioVersion = 10.0.40219.1
Project("{FAE04EC0-301F-11D3-BF4B-00C04F79EFBC}") = "NyeVikingMonitor", "NyeVikingMonitor.csproj", "{9C99E660-29F0-4356-9BA0-07CD231DC6E9}"
EndProject
Global
	GlobalSection(SolutionConfigurationPlatforms) = preSolution
		Debug|Any CPU = Debug|Any CPU
		Release|Any CPU = Release|Any CPU
	EndGlobalSection
	GlobalSection(ProjectConfigurationPlatforms) = postSolution
		{9C99E660-29F0-4356-9BA0-07CD231DC6E9}.Debug|Any CPU.ActiveCfg = Debug|Any CPU
		{9C99E660-29F0-4356-9BA0-07CD231DC6E9}.Debug|Any CPU.Build.0 = Debug|Any CPU
		{9C99E660-29F0-4356-9BA0-07CD231DC6E9}.Release|Any CPU.ActiveCfg = Release|Any CPU
		{9C99E660-29F0-4356-9BA0-07CD231DC6E9}.Release|Any CPU.Build.0 = Release|Any CPU
	EndGlobalSection
	GlobalSection(SolutionProperties) = preSolution
		HideSolutionNode = FALSE
	EndGlobalSection
	GlobalSection(ExtensibilityGlobals) = postSolution
		SolutionGuid = {56A921E2-9860-45B9-B7CC-69AF8947A530}
	EndGlobalSection
EndGlobal
